{
  "originHash" : "2bacdd13c7d848d3c7818a3879e89cdf35c52374f750e5ade5a56645a8499fba",
  "pins" : [
    {
      "identity" : "swift-syntax",
      "kind" : "remoteSourceControl",
      "location" : "https://github.com/swiftlang/swift-syntax.git",
      "state" : {
        "revision" : "f99ae8aa18f0cf0d53481901f88a0991dc3bd4a2",
        "version" : "601.0.1"
      }
    },
    {
      "identity" : "swift-testing",
      "kind" : "remoteSourceControl",
      "location" : "https://github.com/swiftlang/swift-testing.git",
      "state" : {
        "branch" : "6.1.0",
        "revision" : "43b6f88e2f2712e0f2a97e6acc75b55f22234299"
      }
    }
  ],
  "version" : 3
}
