{
  "originHash" : "0c2549d6b0b39025a005d47f7158eaf0666438d549f7cc0af4de54724d5ce548",
  "pins" : [
    {
      "identity" : "swift-syntax",
      "kind" : "remoteSourceControl",
      "location" : "https://github.com/swiftlang/swift-syntax.git",
      "state" : {
        "revision" : "0687f71944021d616d34d922343dcef086855920",
        "version" : "600.0.1"
      }
    },
    {
      "identity" : "swift-testing",
      "kind" : "remoteSourceControl",
      "location" : "https://github.com/swiftlang/swift-testing.git",
      "state" : {
        "branch" : "6.0.0",
        "revision" : "9aa8076dff01b66bcff9335cde02380d59acacc0"
      }
    }
  ],
  "version" : 3
}
