{
  "originHash" : "b3edf104d5bc39dca321226bf1c4a003a1bf778fb60ca3d67d5caa25a9a9aed7",
  "pins" : [
    {
      "identity" : "xcglogger",
      "kind" : "remoteSourceControl",
      "location" : "https://github.com/DaveWoodCom/XCGLogger.git",
      "state" : {
        "revision" : "a9c4667b247928a29bdd41be2ec2c8d304215a54",
        "version" : "7.0.1"
      }
    }
  ],
  "version" : 3
}
