// !$*UTF8*$!
{
	archiveVersion = 1;
	classes = {
	};
	objectVersion = 55;
	objects = {

/* Begin PBXBuildFile section */
		EB4B8A3427D8E4E200EA709C /* AppDelegate.swift in Sources */ = {isa = PBXBuildFile; fileRef = EB4B8A3327D8E4E200EA709C /* AppDelegate.swift */; };
		EB4B8A3627D8E4E200EA709C /* SceneDelegate.swift in Sources */ = {isa = PBXBuildFile; fileRef = EB4B8A3527D8E4E200EA709C /* SceneDelegate.swift */; };
		EB4B8A3827D8E4E200EA709C /* ViewController.swift in Sources */ = {isa = PBXBuildFile; fileRef = EB4B8A3727D8E4E200EA709C /* ViewController.swift */; };
		EB4B8A3D27D8E4E500EA709C /* Assets.xcassets in Resources */ = {isa = PBXBuildFile; fileRef = EB4B8A3C27D8E4E500EA709C /* Assets.xcassets */; };
		EB4B8A4027D8E4E500EA709C /* LaunchScreen.storyboard in Resources */ = {isa = PBXBuildFile; fileRef = EB4B8A3E27D8E4E500EA709C /* LaunchScreen.storyboard */; };
		EB8688F227D8EEED00DC44AB /* ObjcExceptionBridging in Frameworks */ = {isa = PBXBuildFile; productRef = EB8688F127D8EEED00DC44AB /* ObjcExceptionBridging */; };
		EB8688F427D8EEED00DC44AB /* XCGLogger in Frameworks */ = {isa = PBXBuildFile; productRef = EB8688F327D8EEED00DC44AB /* XCGLogger */; };
		EB8688F927D8F28A00DC44AB /* AppLogger in Frameworks */ = {isa = PBXBuildFile; productRef = EB8688F827D8F28A00DC44AB /* AppLogger */; };
		EB8688FB27D8F9BD00DC44AB /* AppLoggerFormatter.swift in Sources */ = {isa = PBXBuildFile; fileRef = EB8688FA27D8F9BD00DC44AB /* AppLoggerFormatter.swift */; };
/* End PBXBuildFile section */

/* Begin PBXFileReference section */
		EB4B8A3027D8E4E200EA709C /* Example.app */ = {isa = PBXFileReference; explicitFileType = wrapper.application; includeInIndex = 0; path = Example.app; sourceTree = BUILT_PRODUCTS_DIR; };
		EB4B8A3327D8E4E200EA709C /* AppDelegate.swift */ = {isa = PBXFileReference; lastKnownFileType = sourcecode.swift; path = AppDelegate.swift; sourceTree = "<group>"; };
		EB4B8A3527D8E4E200EA709C /* SceneDelegate.swift */ = {isa = PBXFileReference; lastKnownFileType = sourcecode.swift; path = SceneDelegate.swift; sourceTree = "<group>"; };
		EB4B8A3727D8E4E200EA709C /* ViewController.swift */ = {isa = PBXFileReference; lastKnownFileType = sourcecode.swift; path = ViewController.swift; sourceTree = "<group>"; };
		EB4B8A3C27D8E4E500EA709C /* Assets.xcassets */ = {isa = PBXFileReference; lastKnownFileType = folder.assetcatalog; path = Assets.xcassets; sourceTree = "<group>"; };
		EB4B8A3F27D8E4E500EA709C /* Base */ = {isa = PBXFileReference; lastKnownFileType = file.storyboard; name = Base; path = Base.lproj/LaunchScreen.storyboard; sourceTree = "<group>"; };
		EB4B8A4127D8E4E500EA709C /* Info.plist */ = {isa = PBXFileReference; lastKnownFileType = text.plist.xml; path = Info.plist; sourceTree = "<group>"; };
		EB8688F627D8F26700DC44AB /* AppLogger */ = {isa = PBXFileReference; lastKnownFileType = wrapper; name = AppLogger; path = ..; sourceTree = "<group>"; };
		EB8688FA27D8F9BD00DC44AB /* AppLoggerFormatter.swift */ = {isa = PBXFileReference; lastKnownFileType = sourcecode.swift; path = AppLoggerFormatter.swift; sourceTree = "<group>"; };
/* End PBXFileReference section */

/* Begin PBXFrameworksBuildPhase section */
		EB4B8A2D27D8E4E200EA709C /* Frameworks */ = {
			isa = PBXFrameworksBuildPhase;
			buildActionMask = 2147483647;
			files = (
				EB8688F927D8F28A00DC44AB /* AppLogger in Frameworks */,
				EB8688F227D8EEED00DC44AB /* ObjcExceptionBridging in Frameworks */,
				EB8688F427D8EEED00DC44AB /* XCGLogger in Frameworks */,
			);
			runOnlyForDeploymentPostprocessing = 0;
		};
/* End PBXFrameworksBuildPhase section */

/* Begin PBXGroup section */
		EB4B8A2727D8E4E200EA709C = {
			isa = PBXGroup;
			children = (
				EB8688F527D8F26700DC44AB /* Packages */,
				EB4B8A3227D8E4E200EA709C /* Example */,
				EB4B8A3127D8E4E200EA709C /* Products */,
				EB8688F727D8F28A00DC44AB /* Frameworks */,
			);
			sourceTree = "<group>";
		};
		EB4B8A3127D8E4E200EA709C /* Products */ = {
			isa = PBXGroup;
			children = (
				EB4B8A3027D8E4E200EA709C /* Example.app */,
			);
			name = Products;
			sourceTree = "<group>";
		};
		EB4B8A3227D8E4E200EA709C /* Example */ = {
			isa = PBXGroup;
			children = (
				EB4B8A3327D8E4E200EA709C /* AppDelegate.swift */,
				EB8688FA27D8F9BD00DC44AB /* AppLoggerFormatter.swift */,
				EB4B8A3527D8E4E200EA709C /* SceneDelegate.swift */,
				EB4B8A3727D8E4E200EA709C /* ViewController.swift */,
				EB4B8A3C27D8E4E500EA709C /* Assets.xcassets */,
				EB4B8A3E27D8E4E500EA709C /* LaunchScreen.storyboard */,
				EB4B8A4127D8E4E500EA709C /* Info.plist */,
			);
			path = Example;
			sourceTree = "<group>";
		};
		EB8688F527D8F26700DC44AB /* Packages */ = {
			isa = PBXGroup;
			children = (
				EB8688F627D8F26700DC44AB /* AppLogger */,
			);
			name = Packages;
			sourceTree = "<group>";
		};
		EB8688F727D8F28A00DC44AB /* Frameworks */ = {
			isa = PBXGroup;
			children = (
			);
			name = Frameworks;
			sourceTree = "<group>";
		};
/* End PBXGroup section */

/* Begin PBXNativeTarget section */
		EB4B8A2F27D8E4E200EA709C /* Example */ = {
			isa = PBXNativeTarget;
			buildConfigurationList = EB4B8A4427D8E4E500EA709C /* Build configuration list for PBXNativeTarget "Example" */;
			buildPhases = (
				EB4B8A2C27D8E4E200EA709C /* Sources */,
				EB4B8A2D27D8E4E200EA709C /* Frameworks */,
				EB4B8A2E27D8E4E200EA709C /* Resources */,
			);
			buildRules = (
			);
			dependencies = (
			);
			name = Example;
			packageProductDependencies = (
				EB8688F127D8EEED00DC44AB /* ObjcExceptionBridging */,
				EB8688F327D8EEED00DC44AB /* XCGLogger */,
				EB8688F827D8F28A00DC44AB /* AppLogger */,
			);
			productName = Example;
			productReference = EB4B8A3027D8E4E200EA709C /* Example.app */;
			productType = "com.apple.product-type.application";
		};
/* End PBXNativeTarget section */

/* Begin PBXProject section */
		EB4B8A2827D8E4E200EA709C /* Project object */ = {
			isa = PBXProject;
			attributes = {
				BuildIndependentTargetsInParallel = 1;
				LastSwiftUpdateCheck = 1320;
				LastUpgradeCheck = 1630;
				TargetAttributes = {
					EB4B8A2F27D8E4E200EA709C = {
						CreatedOnToolsVersion = 13.2.1;
					};
				};
			};
			buildConfigurationList = EB4B8A2B27D8E4E200EA709C /* Build configuration list for PBXProject "Example" */;
			compatibilityVersion = "Xcode 13.0";
			developmentRegion = en;
			hasScannedForEncodings = 0;
			knownRegions = (
				en,
				Base,
			);
			mainGroup = EB4B8A2727D8E4E200EA709C;
			packageReferences = (
				EB8688F027D8EEED00DC44AB /* XCRemoteSwiftPackageReference "XCGLogger" */,
			);
			productRefGroup = EB4B8A3127D8E4E200EA709C /* Products */;
			projectDirPath = "";
			projectRoot = "";
			targets = (
				EB4B8A2F27D8E4E200EA709C /* Example */,
			);
		};
/* End PBXProject section */

/* Begin PBXResourcesBuildPhase section */
		EB4B8A2E27D8E4E200EA709C /* Resources */ = {
			isa = PBXResourcesBuildPhase;
			buildActionMask = 2147483647;
			files = (
				EB4B8A4027D8E4E500EA709C /* LaunchScreen.storyboard in Resources */,
				EB4B8A3D27D8E4E500EA709C /* Assets.xcassets in Resources */,
			);
			runOnlyForDeploymentPostprocessing = 0;
		};
/* End PBXResourcesBuildPhase section */

/* Begin PBXSourcesBuildPhase section */
		EB4B8A2C27D8E4E200EA709C /* Sources */ = {
			isa = PBXSourcesBuildPhase;
			buildActionMask = 2147483647;
			files = (
				EB4B8A3827D8E4E200EA709C /* ViewController.swift in Sources */,
				EB8688FB27D8F9BD00DC44AB /* AppLoggerFormatter.swift in Sources */,
				EB4B8A3427D8E4E200EA709C /* AppDelegate.swift in Sources */,
				EB4B8A3627D8E4E200EA709C /* SceneDelegate.swift in Sources */,
			);
			runOnlyForDeploymentPostprocessing = 0;
		};
/* End PBXSourcesBuildPhase section */

/* Begin PBXVariantGroup section */
		EB4B8A3E27D8E4E500EA709C /* LaunchScreen.storyboard */ = {
			isa = PBXVariantGroup;
			children = (
				EB4B8A3F27D8E4E500EA709C /* Base */,
			);
			name = LaunchScreen.storyboard;
			sourceTree = "<group>";
		};
/* End PBXVariantGroup section */

/* Begin XCBuildConfiguration section */
		EB4B8A4227D8E4E500EA709C /* Debug */ = {
			isa = XCBuildConfiguration;
			buildSettings = {
				ALWAYS_SEARCH_USER_PATHS = NO;
				CLANG_ANALYZER_NONNULL = YES;
				CLANG_ANALYZER_NUMBER_OBJECT_CONVERSION = YES_AGGRESSIVE;
				CLANG_CXX_LANGUAGE_STANDARD = "gnu++17";
				CLANG_CXX_LIBRARY = "libc++";
				CLANG_ENABLE_MODULES = YES;
				CLANG_ENABLE_OBJC_ARC = YES;
				CLANG_ENABLE_OBJC_WEAK = YES;
				CLANG_WARN_BLOCK_CAPTURE_AUTORELEASING = YES;
				CLANG_WARN_BOOL_CONVERSION = YES;
				CLANG_WARN_COMMA = YES;
				CLANG_WARN_CONSTANT_CONVERSION = YES;
				CLANG_WARN_DEPRECATED_OBJC_IMPLEMENTATIONS = YES;
				CLANG_WARN_DIRECT_OBJC_ISA_USAGE = YES_ERROR;
				CLANG_WARN_DOCUMENTATION_COMMENTS = YES;
				CLANG_WARN_EMPTY_BODY = YES;
				CLANG_WARN_ENUM_CONVERSION = YES;
				CLANG_WARN_INFINITE_RECURSION = YES;
				CLANG_WARN_INT_CONVERSION = YES;
				CLANG_WARN_NON_LITERAL_NULL_CONVERSION = YES;
				CLANG_WARN_OBJC_IMPLICIT_RETAIN_SELF = YES;
				CLANG_WARN_OBJC_LITERAL_CONVERSION = YES;
				CLANG_WARN_OBJC_ROOT_CLASS = YES_ERROR;
				CLANG_WARN_QUOTED_INCLUDE_IN_FRAMEWORK_HEADER = YES;
				CLANG_WARN_RANGE_LOOP_ANALYSIS = YES;
				CLANG_WARN_STRICT_PROTOTYPES = YES;
				CLANG_WARN_SUSPICIOUS_MOVE = YES;
				CLANG_WARN_UNGUARDED_AVAILABILITY = YES_AGGRESSIVE;
				CLANG_WARN_UNREACHABLE_CODE = YES;
				CLANG_WARN__DUPLICATE_METHOD_MATCH = YES;
				COPY_PHASE_STRIP = NO;
				DEBUG_INFORMATION_FORMAT = dwarf;
				ENABLE_STRICT_OBJC_MSGSEND = YES;
				ENABLE_TESTABILITY = YES;
				ENABLE_USER_SCRIPT_SANDBOXING = YES;
				GCC_C_LANGUAGE_STANDARD = gnu11;
				GCC_DYNAMIC_NO_PIC = NO;
				GCC_NO_COMMON_BLOCKS = YES;
				GCC_OPTIMIZATION_LEVEL = 0;
				GCC_PREPROCESSOR_DEFINITIONS = (
					"DEBUG=1",
					"$(inherited)",
				);
				GCC_WARN_64_TO_32_BIT_CONVERSION = YES;
				GCC_WARN_ABOUT_RETURN_TYPE = YES_ERROR;
				GCC_WARN_UNDECLARED_SELECTOR = YES;
				GCC_WARN_UNINITIALIZED_AUTOS = YES_AGGRESSIVE;
				GCC_WARN_UNUSED_FUNCTION = YES;
				GCC_WARN_UNUSED_VARIABLE = YES;
				IPHONEOS_DEPLOYMENT_TARGET = 14.0;
				MTL_ENABLE_DEBUG_INFO = INCLUDE_SOURCE;
				MTL_FAST_MATH = YES;
				ONLY_ACTIVE_ARCH = YES;
				SDKROOT = iphoneos;
				SWIFT_ACTIVE_COMPILATION_CONDITIONS = DEBUG;
				SWIFT_OPTIMIZATION_LEVEL = "-Onone";
			};
			name = Debug;
		};
		EB4B8A4327D8E4E500EA709C /* Release */ = {
			isa = XCBuildConfiguration;
			buildSettings = {
				ALWAYS_SEARCH_USER_PATHS = NO;
				CLANG_ANALYZER_NONNULL = YES;
				CLANG_ANALYZER_NUMBER_OBJECT_CONVERSION = YES_AGGRESSIVE;
				CLANG_CXX_LANGUAGE_STANDARD = "gnu++17";
				CLANG_CXX_LIBRARY = "libc++";
				CLANG_ENABLE_MODULES = YES;
				CLANG_ENABLE_OBJC_ARC = YES;
				CLANG_ENABLE_OBJC_WEAK = YES;
				CLANG_WARN_BLOCK_CAPTURE_AUTORELEASING = YES;
				CLANG_WARN_BOOL_CONVERSION = YES;
				CLANG_WARN_COMMA = YES;
				CLANG_WARN_CONSTANT_CONVERSION = YES;
				CLANG_WARN_DEPRECATED_OBJC_IMPLEMENTATIONS = YES;
				CLANG_WARN_DIRECT_OBJC_ISA_USAGE = YES_ERROR;
				CLANG_WARN_DOCUMENTATION_COMMENTS = YES;
				CLANG_WARN_EMPTY_BODY = YES;
				CLANG_WARN_ENUM_CONVERSION = YES;
				CLANG_WARN_INFINITE_RECURSION = YES;
				CLANG_WARN_INT_CONVERSION = YES;
				CLANG_WARN_NON_LITERAL_NULL_CONVERSION = YES;
				CLANG_WARN_OBJC_IMPLICIT_RETAIN_SELF = YES;
				CLANG_WARN_OBJC_LITERAL_CONVERSION = YES;
				CLANG_WARN_OBJC_ROOT_CLASS = YES_ERROR;
				CLANG_WARN_QUOTED_INCLUDE_IN_FRAMEWORK_HEADER = YES;
				CLANG_WARN_RANGE_LOOP_ANALYSIS = YES;
				CLANG_WARN_STRICT_PROTOTYPES = YES;
				CLANG_WARN_SUSPICIOUS_MOVE = YES;
				CLANG_WARN_UNGUARDED_AVAILABILITY = YES_AGGRESSIVE;
				CLANG_WARN_UNREACHABLE_CODE = YES;
				CLANG_WARN__DUPLICATE_METHOD_MATCH = YES;
				COPY_PHASE_STRIP = NO;
				DEBUG_INFORMATION_FORMAT = "dwarf-with-dsym";
				ENABLE_NS_ASSERTIONS = NO;
				ENABLE_STRICT_OBJC_MSGSEND = YES;
				ENABLE_USER_SCRIPT_SANDBOXING = YES;
				GCC_C_LANGUAGE_STANDARD = gnu11;
				GCC_NO_COMMON_BLOCKS = YES;
				GCC_WARN_64_TO_32_BIT_CONVERSION = YES;
				GCC_WARN_ABOUT_RETURN_TYPE = YES_ERROR;
				GCC_WARN_UNDECLARED_SELECTOR = YES;
				GCC_WARN_UNINITIALIZED_AUTOS = YES_AGGRESSIVE;
				GCC_WARN_UNUSED_FUNCTION = YES;
				GCC_WARN_UNUSED_VARIABLE = YES;
				IPHONEOS_DEPLOYMENT_TARGET = 14.0;
				MTL_ENABLE_DEBUG_INFO = NO;
				MTL_FAST_MATH = YES;
				SDKROOT = iphoneos;
				SWIFT_COMPILATION_MODE = wholemodule;
				SWIFT_OPTIMIZATION_LEVEL = "-O";
				VALIDATE_PRODUCT = YES;
			};
			name = Release;
		};
		EB4B8A4527D8E4E500EA709C /* Debug */ = {
			isa = XCBuildConfiguration;
			buildSettings = {
				ASSETCATALOG_COMPILER_APPICON_NAME = AppIcon;
				ASSETCATALOG_COMPILER_GLOBAL_ACCENT_COLOR_NAME = AccentColor;
				CODE_SIGN_STYLE = Automatic;
				CURRENT_PROJECT_VERSION = 1;
				GENERATE_INFOPLIST_FILE = YES;
				INFOPLIST_FILE = Example/Info.plist;
				INFOPLIST_KEY_UIApplicationSupportsIndirectInputEvents = YES;
				INFOPLIST_KEY_UILaunchStoryboardName = LaunchScreen;
				INFOPLIST_KEY_UISupportedInterfaceOrientations_iPad = "UIInterfaceOrientationPortrait UIInterfaceOrientationPortraitUpsideDown UIInterfaceOrientationLandscapeLeft UIInterfaceOrientationLandscapeRight";
				INFOPLIST_KEY_UISupportedInterfaceOrientations_iPhone = "UIInterfaceOrientationPortrait UIInterfaceOrientationLandscapeLeft UIInterfaceOrientationLandscapeRight";
				IPHONEOS_DEPLOYMENT_TARGET = 15.6;
				LD_RUNPATH_SEARCH_PATHS = (
					"$(inherited)",
					"@executable_path/Frameworks",
				);
				MARKETING_VERSION = 1.0;
				PRODUCT_BUNDLE_IDENTIFIER = am.pedro.AppLogger.Example;
				PRODUCT_NAME = "$(TARGET_NAME)";
				SWIFT_EMIT_LOC_STRINGS = YES;
				SWIFT_VERSION = 5.0;
				TARGETED_DEVICE_FAMILY = "1,2";
			};
			name = Debug;
		};
		EB4B8A4627D8E4E500EA709C /* Release */ = {
			isa = XCBuildConfiguration;
			buildSettings = {
				ASSETCATALOG_COMPILER_APPICON_NAME = AppIcon;
				ASSETCATALOG_COMPILER_GLOBAL_ACCENT_COLOR_NAME = AccentColor;
				CODE_SIGN_STYLE = Automatic;
				CURRENT_PROJECT_VERSION = 1;
				GENERATE_INFOPLIST_FILE = YES;
				INFOPLIST_FILE = Example/Info.plist;
				INFOPLIST_KEY_UIApplicationSupportsIndirectInputEvents = YES;
				INFOPLIST_KEY_UILaunchStoryboardName = LaunchScreen;
				INFOPLIST_KEY_UISupportedInterfaceOrientations_iPad = "UIInterfaceOrientationPortrait UIInterfaceOrientationPortraitUpsideDown UIInterfaceOrientationLandscapeLeft UIInterfaceOrientationLandscapeRight";
				INFOPLIST_KEY_UISupportedInterfaceOrientations_iPhone = "UIInterfaceOrientationPortrait UIInterfaceOrientationLandscapeLeft UIInterfaceOrientationLandscapeRight";
				IPHONEOS_DEPLOYMENT_TARGET = 15.6;
				LD_RUNPATH_SEARCH_PATHS = (
					"$(inherited)",
					"@executable_path/Frameworks",
				);
				MARKETING_VERSION = 1.0;
				PRODUCT_BUNDLE_IDENTIFIER = am.pedro.AppLogger.Example;
				PRODUCT_NAME = "$(TARGET_NAME)";
				SWIFT_EMIT_LOC_STRINGS = YES;
				SWIFT_VERSION = 5.0;
				TARGETED_DEVICE_FAMILY = "1,2";
			};
			name = Release;
		};
/* End XCBuildConfiguration section */

/* Begin XCConfigurationList section */
		EB4B8A2B27D8E4E200EA709C /* Build configuration list for PBXProject "Example" */ = {
			isa = XCConfigurationList;
			buildConfigurations = (
				EB4B8A4227D8E4E500EA709C /* Debug */,
				EB4B8A4327D8E4E500EA709C /* Release */,
			);
			defaultConfigurationIsVisible = 0;
			defaultConfigurationName = Release;
		};
		EB4B8A4427D8E4E500EA709C /* Build configuration list for PBXNativeTarget "Example" */ = {
			isa = XCConfigurationList;
			buildConfigurations = (
				EB4B8A4527D8E4E500EA709C /* Debug */,
				EB4B8A4627D8E4E500EA709C /* Release */,
			);
			defaultConfigurationIsVisible = 0;
			defaultConfigurationName = Release;
		};
/* End XCConfigurationList section */

/* Begin XCRemoteSwiftPackageReference section */
		EB8688F027D8EEED00DC44AB /* XCRemoteSwiftPackageReference "XCGLogger" */ = {
			isa = XCRemoteSwiftPackageReference;
			repositoryURL = "https://github.com/DaveWoodCom/XCGLogger.git";
			requirement = {
				kind = upToNextMajorVersion;
				minimumVersion = 7.0.0;
			};
		};
/* End XCRemoteSwiftPackageReference section */

/* Begin XCSwiftPackageProductDependency section */
		EB8688F127D8EEED00DC44AB /* ObjcExceptionBridging */ = {
			isa = XCSwiftPackageProductDependency;
			package = EB8688F027D8EEED00DC44AB /* XCRemoteSwiftPackageReference "XCGLogger" */;
			productName = ObjcExceptionBridging;
		};
		EB8688F327D8EEED00DC44AB /* XCGLogger */ = {
			isa = XCSwiftPackageProductDependency;
			package = EB8688F027D8EEED00DC44AB /* XCRemoteSwiftPackageReference "XCGLogger" */;
			productName = XCGLogger;
		};
		EB8688F827D8F28A00DC44AB /* AppLogger */ = {
			isa = XCSwiftPackageProductDependency;
			productName = AppLogger;
		};
/* End XCSwiftPackageProductDependency section */
	};
	rootObject = EB4B8A2827D8E4E200EA709C /* Project object */;
}
